
Microsoft Visual Studio Solution File, Format Version 12.00
# Visual Studio Version 16
VisualStudioVersion = 16.0.30114.105
MinimumVisualStudioVersion = 10.0.40219.1
Project("{2150E333-8FDC-42A3-9474-1A3956D46DE8}") = "src", "src", "{97837C29-2EAB-4345-AC52-E1BABC979B53}"
EndProject
Project("{FAE04EC0-301F-11D3-BF4B-00C04F79EFBC}") = "AuditlogService", "src\AuditlogService\AuditlogService.csproj", "{87C116FE-C0A6-466A-B23B-EEB5A9517663}"
EndProject
Project("{FAE04EC0-301F-11D3-BF4B-00C04F79EFBC}") = "CustomerManagementAPI", "src\CustomerManagementAPI\CustomerManagementAPI.csproj", "{68539FF8-5D3B-468C-BA28-62B343ECB629}"
EndProject
Project("{FAE04EC0-301F-11D3-BF4B-00C04F79EFBC}") = "Infrastructure.Messaging", "src\Infrastructure.Messaging\Infrastructure.Messaging.csproj", "{149163A3-48C7-46F2-8749-A1AD4550D6EB}"
EndProject
Project("{FAE04EC0-301F-11D3-BF4B-00C04F79EFBC}") = "InvoiceService", "src\InvoiceService\InvoiceService.csproj", "{9EA0314D-FA09-4C9F-937E-1F941B7182FE}"
EndProject
Project("{FAE04EC0-301F-11D3-BF4B-00C04F79EFBC}") = "NotificationService", "src\NotificationService\NotificationService.csproj", "{1E9B3F03-872F-4512-9FA1-AC1A45DE0EEF}"
EndProject
Project("{FAE04EC0-301F-11D3-BF4B-00C04F79EFBC}") = "TestUtils", "src\TestUtils\TestUtils.csproj", "{F2834295-004C-4865-87E3-BB63E2BC70E7}"
EndProject
Project("{FAE04EC0-301F-11D3-BF4B-00C04F79EFBC}") = "TimeService", "src\TimeService\TimeService.csproj", "{3CC6D634-A3E6-4A87-96A6-8C78FFC39716}"
EndProject
Project("{FAE04EC0-301F-11D3-BF4B-00C04F79EFBC}") = "UITest", "src\UITest\UITest.csproj", "{B677017F-E9C4-4888-ADF4-088B6D83C96C}"
EndProject
Project("{FAE04EC0-301F-11D3-BF4B-00C04F79EFBC}") = "VehicleManagementAPI", "src\VehicleManagementAPI\VehicleManagementAPI.csproj", "{5CBFEBCE-9E92-4A46-A76C-9201BE9323D5}"
EndProject
Project("{FAE04EC0-301F-11D3-BF4B-00C04F79EFBC}") = "WebApp", "src\WebApp\WebApp.csproj", "{48782599-DBD7-4AFD-8408-BDBAFDF54550}"
EndProject
Project("{FAE04EC0-301F-11D3-BF4B-00C04F79EFBC}") = "WorkshopManagement.UnitTests", "src\WorkshopManagement.UnitTests\WorkshopManagement.UnitTests.csproj", "{3950121D-21B7-4F0F-AA3B-244DD58D7357}"
EndProject
Project("{FAE04EC0-301F-11D3-BF4B-00C04F79EFBC}") = "WorkshopManagementAPI", "src\WorkshopManagementAPI\WorkshopManagementAPI.csproj", "{AAABBFFB-47B5-4D7A-935F-8B380103C640}"
EndProject
Project("{FAE04EC0-301F-11D3-BF4B-00C04F79EFBC}") = "WorkshopManagementEventHandler", "src\WorkshopManagementEventHandler\WorkshopManagementEventHandler.csproj", "{F264FE32-4935-4DA2-A331-6E39C1A6C52F}"
EndProject
Global
	GlobalSection(SolutionConfigurationPlatforms) = preSolution
		Debug|Any CPU = Debug|Any CPU
		Release|Any CPU = Release|Any CPU
	EndGlobalSection
	GlobalSection(SolutionProperties) = preSolution
		HideSolutionNode = FALSE
	EndGlobalSection
	GlobalSection(ProjectConfigurationPlatforms) = postSolution
		{87C116FE-C0A6-466A-B23B-EEB5A9517663}.Debug|Any CPU.ActiveCfg = Debug|Any CPU
		{87C116FE-C0A6-466A-B23B-EEB5A9517663}.Debug|Any CPU.Build.0 = Debug|Any CPU
		{87C116FE-C0A6-466A-B23B-EEB5A9517663}.Release|Any CPU.ActiveCfg = Release|Any CPU
		{87C116FE-C0A6-466A-B23B-EEB5A9517663}.Release|Any CPU.Build.0 = Release|Any CPU
		{68539FF8-5D3B-468C-BA28-62B343ECB629}.Debug|Any CPU.ActiveCfg = Debug|Any CPU
		{68539FF8-5D3B-468C-BA28-62B343ECB629}.Debug|Any CPU.Build.0 = Debug|Any CPU
		{68539FF8-5D3B-468C-BA28-62B343ECB629}.Release|Any CPU.ActiveCfg = Release|Any CPU
		{68539FF8-5D3B-468C-BA28-62B343ECB629}.Release|Any CPU.Build.0 = Release|Any CPU
		{149163A3-48C7-46F2-8749-A1AD4550D6EB}.Debug|Any CPU.ActiveCfg = Debug|Any CPU
		{149163A3-48C7-46F2-8749-A1AD4550D6EB}.Debug|Any CPU.Build.0 = Debug|Any CPU
		{149163A3-48C7-46F2-8749-A1AD4550D6EB}.Release|Any CPU.ActiveCfg = Release|Any CPU
		{149163A3-48C7-46F2-8749-A1AD4550D6EB}.Release|Any CPU.Build.0 = Release|Any CPU
		{9EA0314D-FA09-4C9F-937E-1F941B7182FE}.Debug|Any CPU.ActiveCfg = Debug|Any CPU
		{9EA0314D-FA09-4C9F-937E-1F941B7182FE}.Debug|Any CPU.Build.0 = Debug|Any CPU
		{9EA0314D-FA09-4C9F-937E-1F941B7182FE}.Release|Any CPU.ActiveCfg = Release|Any CPU
		{9EA0314D-FA09-4C9F-937E-1F941B7182FE}.Release|Any CPU.Build.0 = Release|Any CPU
		{1E9B3F03-872F-4512-9FA1-AC1A45DE0EEF}.Debug|Any CPU.ActiveCfg = Debug|Any CPU
		{1E9B3F03-872F-4512-9FA1-AC1A45DE0EEF}.Debug|Any CPU.Build.0 = Debug|Any CPU
		{1E9B3F03-872F-4512-9FA1-AC1A45DE0EEF}.Release|Any CPU.ActiveCfg = Release|Any CPU
		{1E9B3F03-872F-4512-9FA1-AC1A45DE0EEF}.Release|Any CPU.Build.0 = Release|Any CPU
		{F2834295-004C-4865-87E3-BB63E2BC70E7}.Debug|Any CPU.ActiveCfg = Debug|Any CPU
		{F2834295-004C-4865-87E3-BB63E2BC70E7}.Debug|Any CPU.Build.0 = Debug|Any CPU
		{F2834295-004C-4865-87E3-BB63E2BC70E7}.Release|Any CPU.ActiveCfg = Release|Any CPU
		{F2834295-004C-4865-87E3-BB63E2BC70E7}.Release|Any CPU.Build.0 = Release|Any CPU
		{3CC6D634-A3E6-4A87-96A6-8C78FFC39716}.Debug|Any CPU.ActiveCfg = Debug|Any CPU
		{3CC6D634-A3E6-4A87-96A6-8C78FFC39716}.Debug|Any CPU.Build.0 = Debug|Any CPU
		{3CC6D634-A3E6-4A87-96A6-8C78FFC39716}.Release|Any CPU.ActiveCfg = Release|Any CPU
		{3CC6D634-A3E6-4A87-96A6-8C78FFC39716}.Release|Any CPU.Build.0 = Release|Any CPU
		{B677017F-E9C4-4888-ADF4-088B6D83C96C}.Debug|Any CPU.ActiveCfg = Debug|Any CPU
		{B677017F-E9C4-4888-ADF4-088B6D83C96C}.Debug|Any CPU.Build.0 = Debug|Any CPU
		{B677017F-E9C4-4888-ADF4-088B6D83C96C}.Release|Any CPU.ActiveCfg = Release|Any CPU
		{B677017F-E9C4-4888-ADF4-088B6D83C96C}.Release|Any CPU.Build.0 = Release|Any CPU
		{5CBFEBCE-9E92-4A46-A76C-9201BE9323D5}.Debug|Any CPU.ActiveCfg = Debug|Any CPU
		{5CBFEBCE-9E92-4A46-A76C-9201BE9323D5}.Debug|Any CPU.Build.0 = Debug|Any CPU
		{5CBFEBCE-9E92-4A46-A76C-9201BE9323D5}.Release|Any CPU.ActiveCfg = Release|Any CPU
		{5CBFEBCE-9E92-4A46-A76C-9201BE9323D5}.Release|Any CPU.Build.0 = Release|Any CPU
		{48782599-DBD7-4AFD-8408-BDBAFDF54550}.Debug|Any CPU.ActiveCfg = Debug|Any CPU
		{48782599-DBD7-4AFD-8408-BDBAFDF54550}.Debug|Any CPU.Build.0 = Debug|Any CPU
		{48782599-DBD7-4AFD-8408-BDBAFDF54550}.Release|Any CPU.ActiveCfg = Release|Any CPU
		{48782599-DBD7-4AFD-8408-BDBAFDF54550}.Release|Any CPU.Build.0 = Release|Any CPU
		{3950121D-21B7-4F0F-AA3B-244DD58D7357}.Debug|Any CPU.ActiveCfg = Debug|Any CPU
		{3950121D-21B7-4F0F-AA3B-244DD58D7357}.Debug|Any CPU.Build.0 = Debug|Any CPU
		{3950121D-21B7-4F0F-AA3B-244DD58D7357}.Release|Any CPU.ActiveCfg = Release|Any CPU
		{3950121D-21B7-4F0F-AA3B-244DD58D7357}.Release|Any CPU.Build.0 = Release|Any CPU
		{AAABBFFB-47B5-4D7A-935F-8B380103C640}.Debug|Any CPU.ActiveCfg = Debug|Any CPU
		{AAABBFFB-47B5-4D7A-935F-8B380103C640}.Debug|Any CPU.Build.0 = Debug|Any CPU
		{AAABBFFB-47B5-4D7A-935F-8B380103C640}.Release|Any CPU.ActiveCfg = Release|Any CPU
		{AAABBFFB-47B5-4D7A-935F-8B380103C640}.Release|Any CPU.Build.0 = Release|Any CPU
		{F264FE32-4935-4DA2-A331-6E39C1A6C52F}.Debug|Any CPU.ActiveCfg = Debug|Any CPU
		{F264FE32-4935-4DA2-A331-6E39C1A6C52F}.Debug|Any CPU.Build.0 = Debug|Any CPU
		{F264FE32-4935-4DA2-A331-6E39C1A6C52F}.Release|Any CPU.ActiveCfg = Release|Any CPU
		{F264FE32-4935-4DA2-A331-6E39C1A6C52F}.Release|Any CPU.Build.0 = Release|Any CPU
	EndGlobalSection
	GlobalSection(NestedProjects) = preSolution
		{87C116FE-C0A6-466A-B23B-EEB5A9517663} = {97837C29-2EAB-4345-AC52-E1BABC979B53}
		{68539FF8-5D3B-468C-BA28-62B343ECB629} = {97837C29-2EAB-4345-AC52-E1BABC979B53}
		{149163A3-48C7-46F2-8749-A1AD4550D6EB} = {97837C29-2EAB-4345-AC52-E1BABC979B53}
		{9EA0314D-FA09-4C9F-937E-1F941B7182FE} = {97837C29-2EAB-4345-AC52-E1BABC979B53}
		{1E9B3F03-872F-4512-9FA1-AC1A45DE0EEF} = {97837C29-2EAB-4345-AC52-E1BABC979B53}
		{F2834295-004C-4865-87E3-BB63E2BC70E7} = {97837C29-2EAB-4345-AC52-E1BABC979B53}
		{3CC6D634-A3E6-4A87-96A6-8C78FFC39716} = {97837C29-2EAB-4345-AC52-E1BABC979B53}
		{B677017F-E9C4-4888-ADF4-088B6D83C96C} = {97837C29-2EAB-4345-AC52-E1BABC979B53}
		{5CBFEBCE-9E92-4A46-A76C-9201BE9323D5} = {97837C29-2EAB-4345-AC52-E1BABC979B53}
		{48782599-DBD7-4AFD-8408-BDBAFDF54550} = {97837C29-2EAB-4345-AC52-E1BABC979B53}
		{3950121D-21B7-4F0F-AA3B-244DD58D7357} = {97837C29-2EAB-4345-AC52-E1BABC979B53}
		{AAABBFFB-47B5-4D7A-935F-8B380103C640} = {97837C29-2EAB-4345-AC52-E1BABC979B53}
		{F264FE32-4935-4DA2-A331-6E39C1A6C52F} = {97837C29-2EAB-4345-AC52-E1BABC979B53}
	EndGlobalSection
EndGlobal
